// !$*UTF8*$!
{
	archiveVersion = 1;
	classes = {
	};
	objectVersion = 77;
	objects = {

/* Begin PBXContainerItemProxy section */
		CD146CC22F5724C6004A94AF /* PBXContainerItemProxy */ = {
			isa = PBXContainerItemProxy;
			containerPortal = CD146CAA2F5724C4004A94AF /* Project object */;
			proxyType = 1;
			remoteGlobalIDString = CD146CB12F5724C4004A94AF;
			remoteInfo = PurposeReminder;
		};
		CD146CCC2F5724C6004A94AF /* PBXContainerItemProxy */ = {
			isa = PBXContainerItemProxy;
			containerPortal = CD146CAA2F5724C4004A94AF /* Project object */;
			proxyType = 1;
			remoteGlobalIDString = CD146CB12F5724C4004A94AF;
			remoteInfo = PurposeReminder;
		};
/* End PBXContainerItemProxy section */

/* Begin PBXFileReference section */
		CD146CB22F5724C4004A94AF /* PurposeReminder.app */ = {isa = PBXFileReference; explicitFileType = wrapper.application; includeInIndex = 0; path = PurposeReminder.app; sourceTree = BUILT_PRODUCTS_DIR; };
		CD146CC12F5724C6004A94AF /* PurposeReminderTests.xctest */ = {isa = PBXFileReference; explicitFileType = wrapper.cfbundle; includeInIndex = 0; path = PurposeReminderTests.xctest; sourceTree = BUILT_PRODUCTS_DIR; };
		CD146CCB2F5724C6004A94AF /* PurposeReminderUITests.xctest */ = {isa = PBXFileReference; explicitFileType = wrapper.cfbundle; includeInIndex = 0; path = PurposeReminderUITests.xctest; sourceTree = BUILT_PRODUCTS_DIR; };
/* End PBXFileReference section */

/* Begin PBXFileSystemSynchronizedRootGroup section */
		CD146CB42F5724C4004A94AF /* PurposeReminder */ = {
			isa = PBXFileSystemSynchronizedRootGroup;
			path = PurposeReminder;
			sourceTree = "<group>";
		};
		CD146CC42F5724C6004A94AF /* PurposeReminderTests */ = {
			isa = PBXFileSystemSynchronizedRootGroup;
			path = PurposeReminderTests;
			sourceTree = "<group>";
		};
		CD146CCE2F5724C6004A94AF /* PurposeReminderUITests */ = {
			isa = PBXFileSystemSynchronizedRootGroup;
			path = PurposeReminderUITests;
			sourceTree = "<group>";
		};
/* End PBXFileSystemSynchronizedRootGroup section */

/* Begin PBXFrameworksBuildPhase section */
		CD146CAF2F5724C4004A94AF /* Frameworks */ = {
			isa = PBXFrameworksBuildPhase;
			buildActionMask = 2147483647;
			files = (
			);
			runOnlyForDeploymentPostprocessing = 0;
		};
		CD146CBE2F5724C6004A94AF /* Frameworks */ = {
			isa = PBXFrameworksBuildPhase;
			buildActionMask = 2147483647;
			files = (
			);
			runOnlyForDeploymentPostprocessing = 0;
		};
		CD146CC82F5724C6004A94AF /* Frameworks */ = {
			isa = PBXFrameworksBuildPhase;
			buildActionMask = 2147483647;
			files = (
			);
			runOnlyForDeploymentPostprocessing = 0;
		};
/* End PBXFrameworksBuildPhase section */

/* Begin PBXGroup section */
		CD146CA92F5724C4004A94AF = {
			isa = PBXGroup;
			children = (
				CD146CB42F5724C4004A94AF /* PurposeReminder */,
				CD146CC42F5724C6004A94AF /* PurposeReminderTests */,
				CD146CCE2F5724C6004A94AF /* PurposeReminderUITests */,
				CD146CB32F5724C4004A94AF /* Products */,
			);
			sourceTree = "<group>";
		};
		CD146CB32F5724C4004A94AF /* Products */ = {
			isa = PBXGroup;
			children = (
				CD146CB22F5724C4004A94AF /* PurposeReminder.app */,
				CD146CC12F5724C6004A94AF /* PurposeReminderTests.xctest */,
				CD146CCB2F5724C6004A94AF /* PurposeReminderUITests.xctest */,
			);
			name = Products;
			sourceTree = "<group>";
		};
/* End PBXGroup section */

/* Begin PBXNativeTarget section */
		CD146CB12F5724C4004A94AF /* PurposeReminder */ = {
			isa = PBXNativeTarget;
			buildConfigurationList = CD146CD52F5724C6004A94AF /* Build configuration list for PBXNativeTarget "PurposeReminder" */;
			buildPhases = (
				CD146CAE2F5724C4004A94AF /* Sources */,
				CD146CAF2F5724C4004A94AF /* Frameworks */,
				CD146CB02F5724C4004A94AF /* Resources */,
			);
			buildRules = (
			);
			dependencies = (
			);
			fileSystemSynchronizedGroups = (
				CD146CB42F5724C4004A94AF /* PurposeReminder */,
			);
			name = PurposeReminder;
			packageProductDependencies = (
			);
			productName = PurposeReminder;
			productReference = CD146CB22F5724C4004A94AF /* PurposeReminder.app */;
			productType = "com.apple.product-type.application";
		};
		CD146CC02F5724C6004A94AF /* PurposeReminderTests */ = {
			isa = PBXNativeTarget;
			buildConfigurationList = CD146CD82F5724C6004A94AF /* Build configuration list for PBXNativeTarget "PurposeReminderTests" */;
			buildPhases = (
				CD146CBD2F5724C6004A94AF /* Sources */,
				CD146CBE2F5724C6004A94AF /* Frameworks */,
				CD146CBF2F5724C6004A94AF /* Resources */,
			);
			buildRules = (
			);
			dependencies = (
				CD146CC32F5724C6004A94AF /* PBXTargetDependency */,
			);
			fileSystemSynchronizedGroups = (
				CD146CC42F5724C6004A94AF /* PurposeReminderTests */,
			);
			name = PurposeReminderTests;
			packageProductDependencies = (
			);
			productName = PurposeReminderTests;
			productReference = CD146CC12F5724C6004A94AF /* PurposeReminderTests.xctest */;
			productType = "com.apple.product-type.bundle.unit-test";
		};
		CD146CCA2F5724C6004A94AF /* PurposeReminderUITests */ = {
			isa = PBXNativeTarget;
			buildConfigurationList = CD146CDB2F5724C6004A94AF /* Build configuration list for PBXNativeTarget "PurposeReminderUITests" */;
			buildPhases = (
				CD146CC72F5724C6004A94AF /* Sources */,
				CD146CC82F5724C6004A94AF /* Frameworks */,
				CD146CC92F5724C6004A94AF /* Resources */,
			);
			buildRules = (
			);
			dependencies = (
				CD146CCD2F5724C6004A94AF /* PBXTargetDependency */,
			);
			fileSystemSynchronizedGroups = (
				CD146CCE2F5724C6004A94AF /* PurposeReminderUITests */,
			);
			name = PurposeReminderUITests;
			packageProductDependencies = (
			);
			productName = PurposeReminderUITests;
			productReference = CD146CCB2F5724C6004A94AF /* PurposeReminderUITests.xctest */;
			productType = "com.apple.product-type.bundle.ui-testing";
		};
/* End PBXNativeTarget section */

/* Begin PBXProject section */
		CD146CAA2F5724C4004A94AF /* Project object */ = {
			isa = PBXProject;
			attributes = {
				BuildIndependentTargetsInParallel = 1;
				LastSwiftUpdateCheck = 2630;
				LastUpgradeCheck = 2630;
				TargetAttributes = {
					CD146CB12F5724C4004A94AF = {
						CreatedOnToolsVersion = 26.3;
					};
					CD146CC02F5724C6004A94AF = {
						CreatedOnToolsVersion = 26.3;
						TestTargetID = CD146CB12F5724C4004A94AF;
					};
					CD146CCA2F5724C6004A94AF = {
						CreatedOnToolsVersion = 26.3;
						TestTargetID = CD146CB12F5724C4004A94AF;
					};
				};
			};
			buildConfigurationList = CD146CAD2F5724C4004A94AF /* Build configuration list for PBXProject "PurposeReminder" */;
			developmentRegion = en;
			hasScannedForEncodings = 0;
			knownRegions = (
				en,
				Base,
			);
			mainGroup = CD146CA92F5724C4004A94AF;
			minimizedProjectReferenceProxies = 1;
			preferredProjectObjectVersion = 77;
			productRefGroup = CD146CB32F5724C4004A94AF /* Products */;
			projectDirPath = "";
			projectRoot = "";
			targets = (
				CD146CB12F5724C4004A94AF /* PurposeReminder */,
				CD146CC02F5724C6004A94AF /* PurposeReminderTests */,
				CD146CCA2F5724C6004A94AF /* PurposeReminderUITests */,
			);
		};
/* End PBXProject section */

/* Begin PBXResourcesBuildPhase section */
		CD146CB02F5724C4004A94AF /* Resources */ = {
			isa = PBXResourcesBuildPhase;
			buildActionMask = 2147483647;
			files = (
			);
			runOnlyForDeploymentPostprocessing = 0;
		};
		CD146CBF2F5724C6004A94AF /* Resources */ = {
			isa = PBXResourcesBuildPhase;
			buildActionMask = 2147483647;
			files = (
			);
			runOnlyForDeploymentPostprocessing = 0;
		};
		CD146CC92F5724C6004A94AF /* Resources */ = {
			isa = PBXResourcesBuildPhase;
			buildActionMask = 2147483647;
			files = (
			);
			runOnlyForDeploymentPostprocessing = 0;
		};
/* End PBXResourcesBuildPhase section */

/* Begin PBXSourcesBuildPhase section */
		CD146CAE2F5724C4004A94AF /* Sources */ = {
			isa = PBXSourcesBuildPhase;
			buildActionMask = 2147483647;
			files = (
			);
			runOnlyForDeploymentPostprocessing = 0;
		};
		CD146CBD2F5724C6004A94AF /* Sources */ = {
			isa = PBXSourcesBuildPhase;
			buildActionMask = 2147483647;
			files = (
			);
			runOnlyForDeploymentPostprocessing = 0;
		};
		CD146CC72F5724C6004A94AF /* Sources */ = {
			isa = PBXSourcesBuildPhase;
			buildActionMask = 2147483647;
			files = (
			);
			runOnlyForDeploymentPostprocessing = 0;
		};
/* End PBXSourcesBuildPhase section */

/* Begin PBXTargetDependency section */
		CD146CC32F5724C6004A94AF /* PBXTargetDependency */ = {
			isa = PBXTargetDependency;
			target = CD146CB12F5724C4004A94AF /* PurposeReminder */;
			targetProxy = CD146CC22F5724C6004A94AF /* PBXContainerItemProxy */;
		};
		CD146CCD2F5724C6004A94AF /* PBXTargetDependency */ = {
			isa = PBXTargetDependency;
			target = CD146CB12F5724C4004A94AF /* PurposeReminder */;
			targetProxy = CD146CCC2F5724C6004A94AF /* PBXContainerItemProxy */;
		};
/* End PBXTargetDependency section */

/* Begin XCBuildConfiguration section */
		CD146CD32F5724C6004A94AF /* Debug */ = {
			isa = XCBuildConfiguration;
			buildSettings = {
				ALWAYS_SEARCH_USER_PATHS = NO;
				ASSETCATALOG_COMPILER_GENERATE_SWIFT_ASSET_SYMBOL_EXTENSIONS = YES;
				CLANG_ANALYZER_NONNULL = YES;
				CLANG_ANALYZER_NUMBER_OBJECT_CONVERSION = YES_AGGRESSIVE;
				CLANG_CXX_LANGUAGE_STANDARD = "gnu++20";
				CLANG_ENABLE_MODULES = YES;
				CLANG_ENABLE_OBJC_ARC = YES;
				CLANG_ENABLE_OBJC_WEAK = YES;
				CLANG_WARN_BLOCK_CAPTURE_AUTORELEASING = YES;
				CLANG_WARN_BOOL_CONVERSION = YES;
				CLANG_WARN_COMMA = YES;
				CLANG_WARN_CONSTANT_CONVERSION = YES;
				CLANG_WARN_DEPRECATED_OBJC_IMPLEMENTATIONS = YES;
				CLANG_WARN_DIRECT_OBJC_ISA_USAGE = YES_ERROR;
				CLANG_WARN_DOCUMENTATION_COMMENTS = YES;
				CLANG_WARN_EMPTY_BODY = YES;
				CLANG_WARN_ENUM_CONVERSION = YES;
				CLANG_WARN_INFINITE_RECURSION = YES;
				CLANG_WARN_INT_CONVERSION = YES;
				CLANG_WARN_NON_LITERAL_NULL_CONVERSION = YES;
				CLANG_WARN_OBJC_IMPLICIT_RETAIN_SELF = YES;
				CLANG_WARN_OBJC_LITERAL_CONVERSION = YES;
				CLANG_WARN_OBJC_ROOT_CLASS = YES_ERROR;
				CLANG_WARN_QUOTED_INCLUDE_IN_FRAMEWORK_HEADER = YES;
				CLANG_WARN_RANGE_LOOP_ANALYSIS = YES;
				CLANG_WARN_STRICT_PROTOTYPES = YES;
				CLANG_WARN_SUSPICIOUS_MOVE = YES;
				CLANG_WARN_UNGUARDED_AVAILABILITY = YES_AGGRESSIVE;
				CLANG_WARN_UNREACHABLE_CODE = YES;
				CLANG_WARN__DUPLICATE_METHOD_MATCH = YES;
				COPY_PHASE_STRIP = NO;
				DEBUG_INFORMATION_FORMAT = dwarf;
				DEVELOPMENT_TEAM = XRL8KFHXDN;
				ENABLE_STRICT_OBJC_MSGSEND = YES;
				ENABLE_TESTABILITY = YES;
				ENABLE_USER_SCRIPT_SANDBOXING = YES;
				GCC_C_LANGUAGE_STANDARD = gnu17;
				GCC_DYNAMIC_NO_PIC = NO;
				GCC_NO_COMMON_BLOCKS = YES;
				GCC_OPTIMIZATION_LEVEL = 0;
				GCC_PREPROCESSOR_DEFINITIONS = (
					"DEBUG=1",
					"$(inherited)",
				);
				GCC_WARN_64_TO_32_BIT_CONVERSION = YES;
				GCC_WARN_ABOUT_RETURN_TYPE = YES_ERROR;
				GCC_WARN_UNDECLARED_SELECTOR = YES;
				GCC_WARN_UNINITIALIZED_AUTOS = YES_AGGRESSIVE;
				GCC_WARN_UNUSED_FUNCTION = YES;
				GCC_WARN_UNUSED_VARIABLE = YES;
				IPHONEOS_DEPLOYMENT_TARGET = 26.2;
				LOCALIZATION_PREFERS_STRING_CATALOGS = YES;
				MTL_ENABLE_DEBUG_INFO = INCLUDE_SOURCE;
				MTL_FAST_MATH = YES;
				ONLY_ACTIVE_ARCH = YES;
				SDKROOT = iphoneos;
				SWIFT_ACTIVE_COMPILATION_CONDITIONS = "DEBUG $(inherited)";
				SWIFT_OPTIMIZATION_LEVEL = "-Onone";
			};
			name = Debug;
		};
		CD146CD42F5724C6004A94AF /* Release */ = {
			isa = XCBuildConfiguration;
			buildSettings = {
				ALWAYS_SEARCH_USER_PATHS = NO;
				ASSETCATALOG_COMPILER_GENERATE_SWIFT_ASSET_SYMBOL_EXTENSIONS = YES;
				CLANG_ANALYZER_NONNULL = YES;
				CLANG_ANALYZER_NUMBER_OBJECT_CONVERSION = YES_AGGRESSIVE;
				CLANG_CXX_LANGUAGE_STANDARD = "gnu++20";
				CLANG_ENABLE_MODULES = YES;
				CLANG_ENABLE_OBJC_ARC = YES;
				CLANG_ENABLE_OBJC_WEAK = YES;
				CLANG_WARN_BLOCK_CAPTURE_AUTORELEASING = YES;
				CLANG_WARN_BOOL_CONVERSION = YES;
				CLANG_WARN_COMMA = YES;
				CLANG_WARN_CONSTANT_CONVERSION = YES;
				CLANG_WARN_DEPRECATED_OBJC_IMPLEMENTATIONS = YES;
				CLANG_WARN_DIRECT_OBJC_ISA_USAGE = YES_ERROR;
				CLANG_WARN_DOCUMENTATION_COMMENTS = YES;
				CLANG_WARN_EMPTY_BODY = YES;
				CLANG_WARN_ENUM_CONVERSION = YES;
				CLANG_WARN_INFINITE_RECURSION = YES;
				CLANG_WARN_INT_CONVERSION = YES;
				CLANG_WARN_NON_LITERAL_NULL_CONVERSION = YES;
				CLANG_WARN_OBJC_IMPLICIT_RETAIN_SELF = YES;
				CLANG_WARN_OBJC_LITERAL_CONVERSION = YES;
				CLANG_WARN_OBJC_ROOT_CLASS = YES_ERROR;
				CLANG_WARN_QUOTED_INCLUDE_IN_FRAMEWORK_HEADER = YES;
				CLANG_WARN_RANGE_LOOP_ANALYSIS = YES;
				CLANG_WARN_STRICT_PROTOTYPES = YES;
				CLANG_WARN_SUSPICIOUS_MOVE = YES;
				CLANG_WARN_UNGUARDED_AVAILABILITY = YES_AGGRESSIVE;
				CLANG_WARN_UNREACHABLE_CODE = YES;
				CLANG_WARN__DUPLICATE_METHOD_MATCH = YES;
				COPY_PHASE_STRIP = NO;
				DEBUG_INFORMATION_FORMAT = "dwarf-with-dsym";
				DEVELOPMENT_TEAM = XRL8KFHXDN;
				ENABLE_NS_ASSERTIONS = NO;
				ENABLE_STRICT_OBJC_MSGSEND = YES;
				ENABLE_USER_SCRIPT_SANDBOXING = YES;
				GCC_C_LANGUAGE_STANDARD = gnu17;
				GCC_NO_COMMON_BLOCKS = YES;
				GCC_WARN_64_TO_32_BIT_CONVERSION = YES;
				GCC_WARN_ABOUT_RETURN_TYPE = YES_ERROR;
				GCC_WARN_UNDECLARED_SELECTOR = YES;
				GCC_WARN_UNINITIALIZED_AUTOS = YES_AGGRESSIVE;
				GCC_WARN_UNUSED_FUNCTION = YES;
				GCC_WARN_UNUSED_VARIABLE = YES;
				IPHONEOS_DEPLOYMENT_TARGET = 26.2;
				LOCALIZATION_PREFERS_STRING_CATALOGS = YES;
				MTL_ENABLE_DEBUG_INFO = NO;
				MTL_FAST_MATH = YES;
				SDKROOT = iphoneos;
				SWIFT_COMPILATION_MODE = wholemodule;
				VALIDATE_PRODUCT = YES;
			};
			name = Release;
		};
			CD146CD62F5724C6004A94AF /* Debug */ = {
				isa = XCBuildConfiguration;
				buildSettings = {
					ASSETCATALOG_COMPILER_APPICON_NAME = AppIcon;
					ASSETCATALOG_COMPILER_GLOBAL_ACCENT_COLOR_NAME = AccentColor;
					CODE_SIGN_ENTITLEMENTS = PurposeReminder/PurposeReminder.entitlements;
					CODE_SIGN_STYLE = Automatic;
					CURRENT_PROJECT_VERSION = 1;
					DEVELOPMENT_TEAM = XRL8KFHXDN;
					ENABLE_PREVIEWS = YES;
					GENERATE_INFOPLIST_FILE = YES;
					INFOPLIST_KEY_UIApplicationSceneManifest_Generation = YES;
					INFOPLIST_KEY_UIApplicationSupportsIndirectInputEvents = YES;
					INFOPLIST_KEY_UILaunchScreen_Generation = YES;
				INFOPLIST_KEY_UISupportedInterfaceOrientations_iPad = "UIInterfaceOrientationPortrait UIInterfaceOrientationPortraitUpsideDown UIInterfaceOrientationLandscapeLeft UIInterfaceOrientationLandscapeRight";
				INFOPLIST_KEY_UISupportedInterfaceOrientations_iPhone = "UIInterfaceOrientationPortrait UIInterfaceOrientationLandscapeLeft UIInterfaceOrientationLandscapeRight";
				LD_RUNPATH_SEARCH_PATHS = (
					"$(inherited)",
					"@executable_path/Frameworks",
					);
					MARKETING_VERSION = 1.0;
					PRODUCT_BUNDLE_IDENTIFIER = com.moonshu.purposereminder.PurposeReminder;
					PRODUCT_NAME = "$(TARGET_NAME)";
					STRING_CATALOG_GENERATE_SYMBOLS = YES;
					SWIFT_APPROACHABLE_CONCURRENCY = YES;
					SWIFT_EMIT_LOC_STRINGS = YES;
					SWIFT_UPCOMING_FEATURE_MEMBER_IMPORT_VISIBILITY = YES;
					SWIFT_VERSION = 5.0;
				TARGETED_DEVICE_FAMILY = "1,2";
			};
			name = Debug;
		};
			CD146CD72F5724C6004A94AF /* Release */ = {
				isa = XCBuildConfiguration;
				buildSettings = {
					ASSETCATALOG_COMPILER_APPICON_NAME = AppIcon;
					ASSETCATALOG_COMPILER_GLOBAL_ACCENT_COLOR_NAME = AccentColor;
					CODE_SIGN_ENTITLEMENTS = PurposeReminder/PurposeReminder.entitlements;
					CODE_SIGN_STYLE = Automatic;
					CURRENT_PROJECT_VERSION = 1;
					DEVELOPMENT_TEAM = XRL8KFHXDN;
					ENABLE_PREVIEWS = YES;
					GENERATE_INFOPLIST_FILE = YES;
					INFOPLIST_KEY_UIApplicationSceneManifest_Generation = YES;
					INFOPLIST_KEY_UIApplicationSupportsIndirectInputEvents = YES;
					INFOPLIST_KEY_UILaunchScreen_Generation = YES;
				INFOPLIST_KEY_UISupportedInterfaceOrientations_iPad = "UIInterfaceOrientationPortrait UIInterfaceOrientationPortraitUpsideDown UIInterfaceOrientationLandscapeLeft UIInterfaceOrientationLandscapeRight";
				INFOPLIST_KEY_UISupportedInterfaceOrientations_iPhone = "UIInterfaceOrientationPortrait UIInterfaceOrientationLandscapeLeft UIInterfaceOrientationLandscapeRight";
				LD_RUNPATH_SEARCH_PATHS = (
					"$(inherited)",
					"@executable_path/Frameworks",
					);
					MARKETING_VERSION = 1.0;
					PRODUCT_BUNDLE_IDENTIFIER = com.moonshu.purposereminder.PurposeReminder;
					PRODUCT_NAME = "$(TARGET_NAME)";
					STRING_CATALOG_GENERATE_SYMBOLS = YES;
					SWIFT_APPROACHABLE_CONCURRENCY = YES;
					SWIFT_EMIT_LOC_STRINGS = YES;
					SWIFT_UPCOMING_FEATURE_MEMBER_IMPORT_VISIBILITY = YES;
					SWIFT_VERSION = 5.0;
				TARGETED_DEVICE_FAMILY = "1,2";
			};
			name = Release;
		};
			CD146CD92F5724C6004A94AF /* Debug */ = {
				isa = XCBuildConfiguration;
				buildSettings = {
					BUNDLE_LOADER = "$(TEST_HOST)";
					CODE_SIGN_STYLE = Automatic;
					CURRENT_PROJECT_VERSION = 1;
					DEVELOPMENT_TEAM = XRL8KFHXDN;
					GENERATE_INFOPLIST_FILE = YES;
					IPHONEOS_DEPLOYMENT_TARGET = 26.2;
					MARKETING_VERSION = 1.0;
					PRODUCT_BUNDLE_IDENTIFIER = com.moonshu.purposereminder.PurposeReminderTests;
					PRODUCT_NAME = "$(TARGET_NAME)";
					STRING_CATALOG_GENERATE_SYMBOLS = NO;
					SWIFT_APPROACHABLE_CONCURRENCY = YES;
					SWIFT_EMIT_LOC_STRINGS = NO;
					SWIFT_UPCOMING_FEATURE_MEMBER_IMPORT_VISIBILITY = YES;
				SWIFT_VERSION = 5.0;
				TARGETED_DEVICE_FAMILY = "1,2";
				TEST_HOST = "$(BUILT_PRODUCTS_DIR)/PurposeReminder.app/$(BUNDLE_EXECUTABLE_FOLDER_PATH)/PurposeReminder";
			};
			name = Debug;
		};
		CD146CDA2F5724C6004A94AF /* Release */ = {
			isa = XCBuildConfiguration;
			buildSettings = {
				BUNDLE_LOADER = "$(TEST_HOST)";
				CODE_SIGN_STYLE = Automatic;
				CURRENT_PROJECT_VERSION = 1;
				DEVELOPMENT_TEAM = XRL8KFHXDN;
				GENERATE_INFOPLIST_FILE = YES;
				IPHONEOS_DEPLOYMENT_TARGET = 26.2;
				MARKETING_VERSION = 1.0;
				PRODUCT_BUNDLE_IDENTIFIER = com.moonshu.purposereminder.PurposeReminderTests;
				PRODUCT_NAME = "$(TARGET_NAME)";
				STRING_CATALOG_GENERATE_SYMBOLS = NO;
				SWIFT_APPROACHABLE_CONCURRENCY = YES;
				SWIFT_EMIT_LOC_STRINGS = NO;
				SWIFT_UPCOMING_FEATURE_MEMBER_IMPORT_VISIBILITY = YES;
				SWIFT_VERSION = 5.0;
				TARGETED_DEVICE_FAMILY = "1,2";
				TEST_HOST = "$(BUILT_PRODUCTS_DIR)/PurposeReminder.app/$(BUNDLE_EXECUTABLE_FOLDER_PATH)/PurposeReminder";
			};
			name = Release;
		};
		CD146CDC2F5724C6004A94AF /* Debug */ = {
			isa = XCBuildConfiguration;
			buildSettings = {
				CODE_SIGN_STYLE = Automatic;
				CURRENT_PROJECT_VERSION = 1;
				DEVELOPMENT_TEAM = XRL8KFHXDN;
				GENERATE_INFOPLIST_FILE = YES;
				MARKETING_VERSION = 1.0;
				PRODUCT_BUNDLE_IDENTIFIER = com.moonshu.purposereminder.PurposeReminderUITests;
				PRODUCT_NAME = "$(TARGET_NAME)";
				STRING_CATALOG_GENERATE_SYMBOLS = NO;
				SWIFT_APPROACHABLE_CONCURRENCY = YES;
				SWIFT_EMIT_LOC_STRINGS = NO;
				SWIFT_UPCOMING_FEATURE_MEMBER_IMPORT_VISIBILITY = YES;
				SWIFT_VERSION = 5.0;
				TARGETED_DEVICE_FAMILY = "1,2";
				TEST_TARGET_NAME = PurposeReminder;
			};
			name = Debug;
		};
		CD146CDD2F5724C6004A94AF /* Release */ = {
			isa = XCBuildConfiguration;
			buildSettings = {
				CODE_SIGN_STYLE = Automatic;
				CURRENT_PROJECT_VERSION = 1;
				DEVELOPMENT_TEAM = XRL8KFHXDN;
				GENERATE_INFOPLIST_FILE = YES;
				MARKETING_VERSION = 1.0;
				PRODUCT_BUNDLE_IDENTIFIER = com.moonshu.purposereminder.PurposeReminderUITests;
				PRODUCT_NAME = "$(TARGET_NAME)";
				STRING_CATALOG_GENERATE_SYMBOLS = NO;
				SWIFT_APPROACHABLE_CONCURRENCY = YES;
				SWIFT_EMIT_LOC_STRINGS = NO;
				SWIFT_UPCOMING_FEATURE_MEMBER_IMPORT_VISIBILITY = YES;
				SWIFT_VERSION = 5.0;
				TARGETED_DEVICE_FAMILY = "1,2";
				TEST_TARGET_NAME = PurposeReminder;
			};
			name = Release;
		};
/* End XCBuildConfiguration section */

/* Begin XCConfigurationList section */
		CD146CAD2F5724C4004A94AF /* Build configuration list for PBXProject "PurposeReminder" */ = {
			isa = XCConfigurationList;
			buildConfigurations = (
				CD146CD32F5724C6004A94AF /* Debug */,
				CD146CD42F5724C6004A94AF /* Release */,
			);
			defaultConfigurationIsVisible = 0;
			defaultConfigurationName = Release;
		};
		CD146CD52F5724C6004A94AF /* Build configuration list for PBXNativeTarget "PurposeReminder" */ = {
			isa = XCConfigurationList;
			buildConfigurations = (
				CD146CD62F5724C6004A94AF /* Debug */,
				CD146CD72F5724C6004A94AF /* Release */,
			);
			defaultConfigurationIsVisible = 0;
			defaultConfigurationName = Release;
		};
		CD146CD82F5724C6004A94AF /* Build configuration list for PBXNativeTarget "PurposeReminderTests" */ = {
			isa = XCConfigurationList;
			buildConfigurations = (
				CD146CD92F5724C6004A94AF /* Debug */,
				CD146CDA2F5724C6004A94AF /* Release */,
			);
			defaultConfigurationIsVisible = 0;
			defaultConfigurationName = Release;
		};
		CD146CDB2F5724C6004A94AF /* Build configuration list for PBXNativeTarget "PurposeReminderUITests" */ = {
			isa = XCConfigurationList;
			buildConfigurations = (
				CD146CDC2F5724C6004A94AF /* Debug */,
				CD146CDD2F5724C6004A94AF /* Release */,
			);
			defaultConfigurationIsVisible = 0;
			defaultConfigurationName = Release;
		};
/* End XCConfigurationList section */
	};
	rootObject = CD146CAA2F5724C4004A94AF /* Project object */;
}
